
Microsoft Visual Studio Solution File, Format Version 12.00
# Visual Studio Version 17
VisualStudioVersion = 17.3.32901.215
MinimumVisualStudioVersion = 10.0.40219.1
Project("{9A19103F-16F7-4668-BE54-9A1E7A4F7556}") = "RegistroDependencias", "RegistroDependencias\RegistroDependencias.csproj", "{9F72E901-EFFE-4910-A05D-D75E8F4BB004}"
EndProject
Project("{9A19103F-16F7-4668-BE54-9A1E7A4F7556}") = "RegistroDependenciasGenericas", "RegistroDependenciasGenericas\RegistroDependenciasGenericas.csproj", "{F7D06CBF-DC23-43E1-80DF-B711AC964D5D}"
EndProject
Project("{9A19103F-16F7-4668-BE54-9A1E7A4F7556}") = "ResolvendoServicos", "ResolvendoServicos\ResolvendoServicos.csproj", "{32C1BC52-57C1-4D71-B4D7-A3CA77E85225}"
EndProject
Project("{9A19103F-16F7-4668-BE54-9A1E7A4F7556}") = "LifeTimeScope", "LifeTimeEScope\LifeTimeScope.csproj", "{D898C697-8B8D-475F-B4B4-23DAE8BEE13A}"
EndProject
Project("{9A19103F-16F7-4668-BE54-9A1E7A4F7556}") = "BoasPraticas", "BoasPraticas\BoasPraticas.csproj", "{6FEE96B5-8027-4876-B714-C35A4F6FA993}"
EndProject
Project("{FAE04EC0-301F-11D3-BF4B-00C04F79EFBC}") = "FactoryComAutofac", "FactoryComAutofac\FactoryComAutofac.csproj", "{FD5AEE73-98D1-41EA-8EE8-CC36EF0F5AC3}"
EndProject
Global
	GlobalSection(SolutionConfigurationPlatforms) = preSolution
		Debug|Any CPU = Debug|Any CPU
		Release|Any CPU = Release|Any CPU
	EndGlobalSection
	GlobalSection(ProjectConfigurationPlatforms) = postSolution
		{9F72E901-EFFE-4910-A05D-D75E8F4BB004}.Debug|Any CPU.ActiveCfg = Debug|Any CPU
		{9F72E901-EFFE-4910-A05D-D75E8F4BB004}.Debug|Any CPU.Build.0 = Debug|Any CPU
		{9F72E901-EFFE-4910-A05D-D75E8F4BB004}.Release|Any CPU.ActiveCfg = Release|Any CPU
		{9F72E901-EFFE-4910-A05D-D75E8F4BB004}.Release|Any CPU.Build.0 = Release|Any CPU
		{F7D06CBF-DC23-43E1-80DF-B711AC964D5D}.Debug|Any CPU.ActiveCfg = Debug|Any CPU
		{F7D06CBF-DC23-43E1-80DF-B711AC964D5D}.Debug|Any CPU.Build.0 = Debug|Any CPU
		{F7D06CBF-DC23-43E1-80DF-B711AC964D5D}.Release|Any CPU.ActiveCfg = Release|Any CPU
		{F7D06CBF-DC23-43E1-80DF-B711AC964D5D}.Release|Any CPU.Build.0 = Release|Any CPU
		{32C1BC52-57C1-4D71-B4D7-A3CA77E85225}.Debug|Any CPU.ActiveCfg = Debug|Any CPU
		{32C1BC52-57C1-4D71-B4D7-A3CA77E85225}.Debug|Any CPU.Build.0 = Debug|Any CPU
		{32C1BC52-57C1-4D71-B4D7-A3CA77E85225}.Release|Any CPU.ActiveCfg = Release|Any CPU
		{32C1BC52-57C1-4D71-B4D7-A3CA77E85225}.Release|Any CPU.Build.0 = Release|Any CPU
		{D898C697-8B8D-475F-B4B4-23DAE8BEE13A}.Debug|Any CPU.ActiveCfg = Debug|Any CPU
		{D898C697-8B8D-475F-B4B4-23DAE8BEE13A}.Debug|Any CPU.Build.0 = Debug|Any CPU
		{D898C697-8B8D-475F-B4B4-23DAE8BEE13A}.Release|Any CPU.ActiveCfg = Release|Any CPU
		{D898C697-8B8D-475F-B4B4-23DAE8BEE13A}.Release|Any CPU.Build.0 = Release|Any CPU
		{6FEE96B5-8027-4876-B714-C35A4F6FA993}.Debug|Any CPU.ActiveCfg = Debug|Any CPU
		{6FEE96B5-8027-4876-B714-C35A4F6FA993}.Debug|Any CPU.Build.0 = Debug|Any CPU
		{6FEE96B5-8027-4876-B714-C35A4F6FA993}.Release|Any CPU.ActiveCfg = Release|Any CPU
		{6FEE96B5-8027-4876-B714-C35A4F6FA993}.Release|Any CPU.Build.0 = Release|Any CPU
		{FD5AEE73-98D1-41EA-8EE8-CC36EF0F5AC3}.Debug|Any CPU.ActiveCfg = Debug|Any CPU
		{FD5AEE73-98D1-41EA-8EE8-CC36EF0F5AC3}.Debug|Any CPU.Build.0 = Debug|Any CPU
		{FD5AEE73-98D1-41EA-8EE8-CC36EF0F5AC3}.Release|Any CPU.ActiveCfg = Release|Any CPU
		{FD5AEE73-98D1-41EA-8EE8-CC36EF0F5AC3}.Release|Any CPU.Build.0 = Release|Any CPU
	EndGlobalSection
	GlobalSection(SolutionProperties) = preSolution
		HideSolutionNode = FALSE
	EndGlobalSection
	GlobalSection(ExtensibilityGlobals) = postSolution
		SolutionGuid = {6717A08D-0C79-48C8-8527-91DF89135A4C}
	EndGlobalSection
EndGlobal
